
Microsoft Visual Studio Solution File, Format Version 12.00
# Visual Studio 15
Project("{FAE04EC0-301F-11D3-BF4B-00C04F79EFBC}") = "Unity.Timeline", "Unity.Timeline.csproj", "{0083D341-89B6-B683-E2F1-7BBBF7FD16CB}"
EndProject
Project("{FAE04EC0-301F-11D3-BF4B-00C04F79EFBC}") = "Unity.Timeline.Editor", "Unity.Timeline.Editor.csproj", "{3C9C820C-ED7A-FB00-6F31-DBE444F083B0}"
EndProject
Project("{FAE04EC0-301F-11D3-BF4B-00C04F79EFBC}") = "Unity.TextMeshPro.Editor", "Unity.TextMeshPro.Editor.csproj", "{988CBBE5-AD68-4133-93F7-A67028AA3BCF}"
EndProject
Project("{FAE04EC0-301F-11D3-BF4B-00C04F79EFBC}") = "Unity.VisualScripting.Flow", "Unity.VisualScripting.Flow.csproj", "{12C19A0B-D0F9-6892-033E-E598516B5E0C}"
EndProject
Project("{FAE04EC0-301F-11D3-BF4B-00C04F79EFBC}") = "UnityEditor.UI", "UnityEditor.UI.csproj", "{A31E7990-BE20-6D92-7825-AF54A1A62DE6}"
EndProject
Project("{FAE04EC0-301F-11D3-BF4B-00C04F79EFBC}") = "Unity.PlasticSCM.Editor", "Unity.PlasticSCM.Editor.csproj", "{D4E1F4FB-387A-1E5B-2AC1-408353FA3B8F}"
EndProject
Project("{FAE04EC0-301F-11D3-BF4B-00C04F79EFBC}") = "Unity.InputSystem", "Unity.InputSystem.csproj", "{7DA3E042-C222-DF35-DA3E-A10474A49EA1}"
EndProject
Project("{FAE04EC0-301F-11D3-BF4B-00C04F79EFBC}") = "Unity.VisualScripting.Core", "Unity.VisualScripting.Core.csproj", "{E32C7A69-90E3-6F3C-EE68-85DCAD4BD86D}"
EndProject
Project("{FAE04EC0-301F-11D3-BF4B-00C04F79EFBC}") = "Unity.VisualScripting.Core.Editor", "Unity.VisualScripting.Core.Editor.csproj", "{C8EAA735-8CAC-A4F7-AD12-9DB12B4927C1}"
EndProject
Project("{FAE04EC0-301F-11D3-BF4B-00C04F79EFBC}") = "Unity.VisualScripting.Flow.Editor", "Unity.VisualScripting.Flow.Editor.csproj", "{45905940-6A5B-9D07-40DC-C47E0F2779C0}"
EndProject
Project("{FAE04EC0-301F-11D3-BF4B-00C04F79EFBC}") = "UnityEditor.TestRunner", "UnityEditor.TestRunner.csproj", "{FE54F266-243A-8EE3-5F1E-B002AD994295}"
EndProject
Project("{FAE04EC0-301F-11D3-BF4B-00C04F79EFBC}") = "Unity.VisualScripting.SettingsProvider.Editor", "Unity.VisualScripting.SettingsProvider.Editor.csproj", "{E9DEDA92-06BA-D26D-F203-034F2491C194}"
EndProject
Project("{FAE04EC0-301F-11D3-BF4B-00C04F79EFBC}") = "UnityEngine.TestRunner", "UnityEngine.TestRunner.csproj", "{590D2180-3629-3015-EDF2-A989CA732C96}"
EndProject
Project("{FAE04EC0-301F-11D3-BF4B-00C04F79EFBC}") = "Assembly-CSharp", "Assembly-CSharp.csproj", "{C207DF2D-47E6-CBF2-22A3-0A72B392F210}"
EndProject
Project("{FAE04EC0-301F-11D3-BF4B-00C04F79EFBC}") = "UnityEngine.UI", "UnityEngine.UI.csproj", "{7EE8A887-6114-9D85-64AB-76B023033383}"
EndProject
Project("{FAE04EC0-301F-11D3-BF4B-00C04F79EFBC}") = "Unity.VisualStudio.Editor", "Unity.VisualStudio.Editor.csproj", "{13B71318-034D-8A7E-02C6-E102FDE21FB2}"
EndProject
Project("{FAE04EC0-301F-11D3-BF4B-00C04F79EFBC}") = "Unity.TestTools.CodeCoverage.Editor.OpenCover.Model", "Unity.TestTools.CodeCoverage.Editor.OpenCover.Model.csproj", "{CA8A8054-B8B9-0DF3-A16C-1AD2180D878D}"
EndProject
Project("{FAE04EC0-301F-11D3-BF4B-00C04F79EFBC}") = "Unity.Rider.Editor", "Unity.Rider.Editor.csproj", "{EEC03557-12DE-4DC9-57B9-C7E5EDB8F3BB}"
EndProject
Project("{FAE04EC0-301F-11D3-BF4B-00C04F79EFBC}") = "Unity.VisualScripting.State.Editor", "Unity.VisualScripting.State.Editor.csproj", "{476A4B96-670E-72F0-9EF6-BF7230023C32}"
EndProject
Project("{FAE04EC0-301F-11D3-BF4B-00C04F79EFBC}") = "Unity.TestTools.CodeCoverage.Editor", "Unity.TestTools.CodeCoverage.Editor.csproj", "{EC4F6370-4A26-9F35-0C5C-16D097B49679}"
EndProject
Project("{FAE04EC0-301F-11D3-BF4B-00C04F79EFBC}") = "Unity.VisualScripting.State", "Unity.VisualScripting.State.csproj", "{11C1A25C-3980-2FB0-45AB-B2C6F6A344FB}"
EndProject
Project("{FAE04EC0-301F-11D3-BF4B-00C04F79EFBC}") = "Unity.TextMeshPro", "Unity.TextMeshPro.csproj", "{5934A291-1064-30A3-738E-BD3DC446A3A2}"
EndProject
Project("{FAE04EC0-301F-11D3-BF4B-00C04F79EFBC}") = "Unity.Performance.Profile-Analyzer.Editor", "Unity.Performance.Profile-Analyzer.Editor.csproj", "{DC3DE4B1-278B-D3FC-9AB1-7592A476E5B8}"
EndProject
Project("{FAE04EC0-301F-11D3-BF4B-00C04F79EFBC}") = "Unity.VSCode.Editor", "Unity.VSCode.Editor.csproj", "{1A518950-532E-AE6C-23DD-519B335C9900}"
EndProject
Project("{FAE04EC0-301F-11D3-BF4B-00C04F79EFBC}") = "Unity.TestTools.CodeCoverage.Editor.OpenCover.Mono.Reflection", "Unity.TestTools.CodeCoverage.Editor.OpenCover.Mono.Reflection.csproj", "{7423CA5E-7C4B-7F11-A922-D14AC24D9D97}"
EndProject
Project("{FAE04EC0-301F-11D3-BF4B-00C04F79EFBC}") = "Unity.Settings.Editor", "Unity.Settings.Editor.csproj", "{981E2BE9-EFE3-969D-7B1B-B4602CA71162}"
EndProject
Project("{FAE04EC0-301F-11D3-BF4B-00C04F79EFBC}") = "Unity.InputSystem.ForUI", "Unity.InputSystem.ForUI.csproj", "{EF8997EF-F092-D2F3-2E88-B4F3656AED51}"
EndProject
Project("{FAE04EC0-301F-11D3-BF4B-00C04F79EFBC}") = "Unity.EditorCoroutines.Editor", "Unity.EditorCoroutines.Editor.csproj", "{3B0ECEB3-40A2-0BF4-3E44-0315C1A38A24}"
EndProject
Project("{FAE04EC0-301F-11D3-BF4B-00C04F79EFBC}") = "Unity.InputSystem.TestFramework", "Unity.InputSystem.TestFramework.csproj", "{CFC4511D-1BCB-3398-79BB-0A42CC57C926}"
EndProject
Project("{FAE04EC0-301F-11D3-BF4B-00C04F79EFBC}") = "Unity.VisualScripting.Shared.Editor", "Unity.VisualScripting.Shared.Editor.csproj", "{C3DDFD0A-9875-AADC-0D08-E9EC86029626}"
EndProject
Project("{FAE04EC0-301F-11D3-BF4B-00C04F79EFBC}") = "Unity.CollabProxy.Editor", "Unity.CollabProxy.Editor.csproj", "{D1991C21-C586-0553-D560-CF77D460A7BE}"
EndProject
Project("{FAE04EC0-301F-11D3-BF4B-00C04F79EFBC}") = "Unity.Timeline", "Unity.Timeline.Player.csproj", "{EC76C740-82C0-E11F-7A4F-1DD9D2E986FD}"
EndProject
Project("{FAE04EC0-301F-11D3-BF4B-00C04F79EFBC}") = "Unity.VisualScripting.Flow", "Unity.VisualScripting.Flow.Player.csproj", "{AE2A4328-92E4-5CBE-796E-8288B4177818}"
EndProject
Project("{FAE04EC0-301F-11D3-BF4B-00C04F79EFBC}") = "Unity.InputSystem", "Unity.InputSystem.Player.csproj", "{3FE5C771-9B08-88C0-0B96-E1FF361A79D5}"
EndProject
Project("{FAE04EC0-301F-11D3-BF4B-00C04F79EFBC}") = "Unity.VisualScripting.Core", "Unity.VisualScripting.Core.Player.csproj", "{EA0E2D2D-BF46-4A18-2674-D54F251DA336}"
EndProject
Project("{FAE04EC0-301F-11D3-BF4B-00C04F79EFBC}") = "UnityEngine.TestRunner", "UnityEngine.TestRunner.Player.csproj", "{F7A686BB-BAF2-F291-9579-17D5432C17DA}"
EndProject
Project("{FAE04EC0-301F-11D3-BF4B-00C04F79EFBC}") = "Assembly-CSharp", "Assembly-CSharp.Player.csproj", "{2925EABA-2796-8531-C452-F5664C81627C}"
EndProject
Project("{FAE04EC0-301F-11D3-BF4B-00C04F79EFBC}") = "UnityEngine.UI", "UnityEngine.UI.Player.csproj", "{9BA3A489-BDF0-3182-3ABB-8443D99C6E37}"
EndProject
Project("{FAE04EC0-301F-11D3-BF4B-00C04F79EFBC}") = "Unity.VisualScripting.State", "Unity.VisualScripting.State.Player.csproj", "{57903787-E884-5104-7339-E356959A6C5A}"
EndProject
Project("{FAE04EC0-301F-11D3-BF4B-00C04F79EFBC}") = "Unity.TextMeshPro", "Unity.TextMeshPro.Player.csproj", "{D2977E50-ECAA-D8D9-6C2E-FE52FD2A948C}"
EndProject
Project("{FAE04EC0-301F-11D3-BF4B-00C04F79EFBC}") = "Unity.InputSystem.ForUI", "Unity.InputSystem.ForUI.Player.csproj", "{FA94D646-2B53-30F8-E756-8FFC7B0E6BFE}"
EndProject
Project("{FAE04EC0-301F-11D3-BF4B-00C04F79EFBC}") = "Unity.InputSystem.TestFramework", "Unity.InputSystem.TestFramework.Player.csproj", "{97BAD49E-B33B-14F7-419C-89B706768FED}"
EndProject
Global
	GlobalSection(SolutionConfigurationPlatforms) = preSolution
		Debug|Any CPU = Debug|Any CPU
		Release|Any CPU = Release|Any CPU
	EndGlobalSection
	GlobalSection(ProjectConfigurationPlatforms) = postSolution
		{0083D341-89B6-B683-E2F1-7BBBF7FD16CB}.Debug|Any CPU.ActiveCfg = Debug|Any CPU
		{0083D341-89B6-B683-E2F1-7BBBF7FD16CB}.Debug|Any CPU.Build.0 = Debug|Any CPU
		{0083D341-89B6-B683-E2F1-7BBBF7FD16CB}.Release|Any CPU.ActiveCfg = Release|Any CPU
		{0083D341-89B6-B683-E2F1-7BBBF7FD16CB}.Release|Any CPU.Build.0 = Release|Any CPU
		{3C9C820C-ED7A-FB00-6F31-DBE444F083B0}.Debug|Any CPU.ActiveCfg = Debug|Any CPU
		{3C9C820C-ED7A-FB00-6F31-DBE444F083B0}.Debug|Any CPU.Build.0 = Debug|Any CPU
		{3C9C820C-ED7A-FB00-6F31-DBE444F083B0}.Release|Any CPU.ActiveCfg = Release|Any CPU
		{3C9C820C-ED7A-FB00-6F31-DBE444F083B0}.Release|Any CPU.Build.0 = Release|Any CPU
		{988CBBE5-AD68-4133-93F7-A67028AA3BCF}.Debug|Any CPU.ActiveCfg = Debug|Any CPU
		{988CBBE5-AD68-4133-93F7-A67028AA3BCF}.Debug|Any CPU.Build.0 = Debug|Any CPU
		{988CBBE5-AD68-4133-93F7-A67028AA3BCF}.Release|Any CPU.ActiveCfg = Release|Any CPU
		{988CBBE5-AD68-4133-93F7-A67028AA3BCF}.Release|Any CPU.Build.0 = Release|Any CPU
		{12C19A0B-D0F9-6892-033E-E598516B5E0C}.Debug|Any CPU.ActiveCfg = Debug|Any CPU
		{12C19A0B-D0F9-6892-033E-E598516B5E0C}.Debug|Any CPU.Build.0 = Debug|Any CPU
		{12C19A0B-D0F9-6892-033E-E598516B5E0C}.Release|Any CPU.ActiveCfg = Release|Any CPU
		{12C19A0B-D0F9-6892-033E-E598516B5E0C}.Release|Any CPU.Build.0 = Release|Any CPU
		{A31E7990-BE20-6D92-7825-AF54A1A62DE6}.Debug|Any CPU.ActiveCfg = Debug|Any CPU
		{A31E7990-BE20-6D92-7825-AF54A1A62DE6}.Debug|Any CPU.Build.0 = Debug|Any CPU
		{A31E7990-BE20-6D92-7825-AF54A1A62DE6}.Release|Any CPU.ActiveCfg = Release|Any CPU
		{A31E7990-BE20-6D92-7825-AF54A1A62DE6}.Release|Any CPU.Build.0 = Release|Any CPU
		{D4E1F4FB-387A-1E5B-2AC1-408353FA3B8F}.Debug|Any CPU.ActiveCfg = Debug|Any CPU
		{D4E1F4FB-387A-1E5B-2AC1-408353FA3B8F}.Debug|Any CPU.Build.0 = Debug|Any CPU
		{D4E1F4FB-387A-1E5B-2AC1-408353FA3B8F}.Release|Any CPU.ActiveCfg = Release|Any CPU
		{D4E1F4FB-387A-1E5B-2AC1-408353FA3B8F}.Release|Any CPU.Build.0 = Release|Any CPU
		{7DA3E042-C222-DF35-DA3E-A10474A49EA1}.Debug|Any CPU.ActiveCfg = Debug|Any CPU
		{7DA3E042-C222-DF35-DA3E-A10474A49EA1}.Debug|Any CPU.Build.0 = Debug|Any CPU
		{7DA3E042-C222-DF35-DA3E-A10474A49EA1}.Release|Any CPU.ActiveCfg = Release|Any CPU
		{7DA3E042-C222-DF35-DA3E-A10474A49EA1}.Release|Any CPU.Build.0 = Release|Any CPU
		{E32C7A69-90E3-6F3C-EE68-85DCAD4BD86D}.Debug|Any CPU.ActiveCfg = Debug|Any CPU
		{E32C7A69-90E3-6F3C-EE68-85DCAD4BD86D}.Debug|Any CPU.Build.0 = Debug|Any CPU
		{E32C7A69-90E3-6F3C-EE68-85DCAD4BD86D}.Release|Any CPU.ActiveCfg = Release|Any CPU
		{E32C7A69-90E3-6F3C-EE68-85DCAD4BD86D}.Release|Any CPU.Build.0 = Release|Any CPU
		{C8EAA735-8CAC-A4F7-AD12-9DB12B4927C1}.Debug|Any CPU.ActiveCfg = Debug|Any CPU
		{C8EAA735-8CAC-A4F7-AD12-9DB12B4927C1}.Debug|Any CPU.Build.0 = Debug|Any CPU
		{C8EAA735-8CAC-A4F7-AD12-9DB12B4927C1}.Release|Any CPU.ActiveCfg = Release|Any CPU
		{C8EAA735-8CAC-A4F7-AD12-9DB12B4927C1}.Release|Any CPU.Build.0 = Release|Any CPU
		{45905940-6A5B-9D07-40DC-C47E0F2779C0}.Debug|Any CPU.ActiveCfg = Debug|Any CPU
		{45905940-6A5B-9D07-40DC-C47E0F2779C0}.Debug|Any CPU.Build.0 = Debug|Any CPU
		{45905940-6A5B-9D07-40DC-C47E0F2779C0}.Release|Any CPU.ActiveCfg = Release|Any CPU
		{45905940-6A5B-9D07-40DC-C47E0F2779C0}.Release|Any CPU.Build.0 = Release|Any CPU
		{FE54F266-243A-8EE3-5F1E-B002AD994295}.Debug|Any CPU.ActiveCfg = Debug|Any CPU
		{FE54F266-243A-8EE3-5F1E-B002AD994295}.Debug|Any CPU.Build.0 = Debug|Any CPU
		{FE54F266-243A-8EE3-5F1E-B002AD994295}.Release|Any CPU.ActiveCfg = Release|Any CPU
		{FE54F266-243A-8EE3-5F1E-B002AD994295}.Release|Any CPU.Build.0 = Release|Any CPU
		{E9DEDA92-06BA-D26D-F203-034F2491C194}.Debug|Any CPU.ActiveCfg = Debug|Any CPU
		{E9DEDA92-06BA-D26D-F203-034F2491C194}.Debug|Any CPU.Build.0 = Debug|Any CPU
		{E9DEDA92-06BA-D26D-F203-034F2491C194}.Release|Any CPU.ActiveCfg = Release|Any CPU
		{E9DEDA92-06BA-D26D-F203-034F2491C194}.Release|Any CPU.Build.0 = Release|Any CPU
		{590D2180-3629-3015-EDF2-A989CA732C96}.Debug|Any CPU.ActiveCfg = Debug|Any CPU
		{590D2180-3629-3015-EDF2-A989CA732C96}.Debug|Any CPU.Build.0 = Debug|Any CPU
		{590D2180-3629-3015-EDF2-A989CA732C96}.Release|Any CPU.ActiveCfg = Release|Any CPU
		{590D2180-3629-3015-EDF2-A989CA732C96}.Release|Any CPU.Build.0 = Release|Any CPU
		{C207DF2D-47E6-CBF2-22A3-0A72B392F210}.Debug|Any CPU.ActiveCfg = Debug|Any CPU
		{C207DF2D-47E6-CBF2-22A3-0A72B392F210}.Debug|Any CPU.Build.0 = Debug|Any CPU
		{C207DF2D-47E6-CBF2-22A3-0A72B392F210}.Release|Any CPU.ActiveCfg = Release|Any CPU
		{C207DF2D-47E6-CBF2-22A3-0A72B392F210}.Release|Any CPU.Build.0 = Release|Any CPU
		{7EE8A887-6114-9D85-64AB-76B023033383}.Debug|Any CPU.ActiveCfg = Debug|Any CPU
		{7EE8A887-6114-9D85-64AB-76B023033383}.Debug|Any CPU.Build.0 = Debug|Any CPU
		{7EE8A887-6114-9D85-64AB-76B023033383}.Release|Any CPU.ActiveCfg = Release|Any CPU
		{7EE8A887-6114-9D85-64AB-76B023033383}.Release|Any CPU.Build.0 = Release|Any CPU
		{13B71318-034D-8A7E-02C6-E102FDE21FB2}.Debug|Any CPU.ActiveCfg = Debug|Any CPU
		{13B71318-034D-8A7E-02C6-E102FDE21FB2}.Debug|Any CPU.Build.0 = Debug|Any CPU
		{13B71318-034D-8A7E-02C6-E102FDE21FB2}.Release|Any CPU.ActiveCfg = Release|Any CPU
		{13B71318-034D-8A7E-02C6-E102FDE21FB2}.Release|Any CPU.Build.0 = Release|Any CPU
		{CA8A8054-B8B9-0DF3-A16C-1AD2180D878D}.Debug|Any CPU.ActiveCfg = Debug|Any CPU
		{CA8A8054-B8B9-0DF3-A16C-1AD2180D878D}.Debug|Any CPU.Build.0 = Debug|Any CPU
		{CA8A8054-B8B9-0DF3-A16C-1AD2180D878D}.Release|Any CPU.ActiveCfg = Release|Any CPU
		{CA8A8054-B8B9-0DF3-A16C-1AD2180D878D}.Release|Any CPU.Build.0 = Release|Any CPU
		{EEC03557-12DE-4DC9-57B9-C7E5EDB8F3BB}.Debug|Any CPU.ActiveCfg = Debug|Any CPU
		{EEC03557-12DE-4DC9-57B9-C7E5EDB8F3BB}.Debug|Any CPU.Build.0 = Debug|Any CPU
		{EEC03557-12DE-4DC9-57B9-C7E5EDB8F3BB}.Release|Any CPU.ActiveCfg = Release|Any CPU
		{EEC03557-12DE-4DC9-57B9-C7E5EDB8F3BB}.Release|Any CPU.Build.0 = Release|Any CPU
		{476A4B96-670E-72F0-9EF6-BF7230023C32}.Debug|Any CPU.ActiveCfg = Debug|Any CPU
		{476A4B96-670E-72F0-9EF6-BF7230023C32}.Debug|Any CPU.Build.0 = Debug|Any CPU
		{476A4B96-670E-72F0-9EF6-BF7230023C32}.Release|Any CPU.ActiveCfg = Release|Any CPU
		{476A4B96-670E-72F0-9EF6-BF7230023C32}.Release|Any CPU.Build.0 = Release|Any CPU
		{EC4F6370-4A26-9F35-0C5C-16D097B49679}.Debug|Any CPU.ActiveCfg = Debug|Any CPU
		{EC4F6370-4A26-9F35-0C5C-16D097B49679}.Debug|Any CPU.Build.0 = Debug|Any CPU
		{EC4F6370-4A26-9F35-0C5C-16D097B49679}.Release|Any CPU.ActiveCfg = Release|Any CPU
		{EC4F6370-4A26-9F35-0C5C-16D097B49679}.Release|Any CPU.Build.0 = Release|Any CPU
		{11C1A25C-3980-2FB0-45AB-B2C6F6A344FB}.Debug|Any CPU.ActiveCfg = Debug|Any CPU
		{11C1A25C-3980-2FB0-45AB-B2C6F6A344FB}.Debug|Any CPU.Build.0 = Debug|Any CPU
		{11C1A25C-3980-2FB0-45AB-B2C6F6A344FB}.Release|Any CPU.ActiveCfg = Release|Any CPU
		{11C1A25C-3980-2FB0-45AB-B2C6F6A344FB}.Release|Any CPU.Build.0 = Release|Any CPU
		{5934A291-1064-30A3-738E-BD3DC446A3A2}.Debug|Any CPU.ActiveCfg = Debug|Any CPU
		{5934A291-1064-30A3-738E-BD3DC446A3A2}.Debug|Any CPU.Build.0 = Debug|Any CPU
		{5934A291-1064-30A3-738E-BD3DC446A3A2}.Release|Any CPU.ActiveCfg = Release|Any CPU
		{5934A291-1064-30A3-738E-BD3DC446A3A2}.Release|Any CPU.Build.0 = Release|Any CPU
		{DC3DE4B1-278B-D3FC-9AB1-7592A476E5B8}.Debug|Any CPU.ActiveCfg = Debug|Any CPU
		{DC3DE4B1-278B-D3FC-9AB1-7592A476E5B8}.Debug|Any CPU.Build.0 = Debug|Any CPU
		{DC3DE4B1-278B-D3FC-9AB1-7592A476E5B8}.Release|Any CPU.ActiveCfg = Release|Any CPU
		{DC3DE4B1-278B-D3FC-9AB1-7592A476E5B8}.Release|Any CPU.Build.0 = Release|Any CPU
		{1A518950-532E-AE6C-23DD-519B335C9900}.Debug|Any CPU.ActiveCfg = Debug|Any CPU
		{1A518950-532E-AE6C-23DD-519B335C9900}.Debug|Any CPU.Build.0 = Debug|Any CPU
		{1A518950-532E-AE6C-23DD-519B335C9900}.Release|Any CPU.ActiveCfg = Release|Any CPU
		{1A518950-532E-AE6C-23DD-519B335C9900}.Release|Any CPU.Build.0 = Release|Any CPU
		{7423CA5E-7C4B-7F11-A922-D14AC24D9D97}.Debug|Any CPU.ActiveCfg = Debug|Any CPU
		{7423CA5E-7C4B-7F11-A922-D14AC24D9D97}.Debug|Any CPU.Build.0 = Debug|Any CPU
		{7423CA5E-7C4B-7F11-A922-D14AC24D9D97}.Release|Any CPU.ActiveCfg = Release|Any CPU
		{7423CA5E-7C4B-7F11-A922-D14AC24D9D97}.Release|Any CPU.Build.0 = Release|Any CPU
		{981E2BE9-EFE3-969D-7B1B-B4602CA71162}.Debug|Any CPU.ActiveCfg = Debug|Any CPU
		{981E2BE9-EFE3-969D-7B1B-B4602CA71162}.Debug|Any CPU.Build.0 = Debug|Any CPU
		{981E2BE9-EFE3-969D-7B1B-B4602CA71162}.Release|Any CPU.ActiveCfg = Release|Any CPU
		{981E2BE9-EFE3-969D-7B1B-B4602CA71162}.Release|Any CPU.Build.0 = Release|Any CPU
		{EF8997EF-F092-D2F3-2E88-B4F3656AED51}.Debug|Any CPU.ActiveCfg = Debug|Any CPU
		{EF8997EF-F092-D2F3-2E88-B4F3656AED51}.Debug|Any CPU.Build.0 = Debug|Any CPU
		{EF8997EF-F092-D2F3-2E88-B4F3656AED51}.Release|Any CPU.ActiveCfg = Release|Any CPU
		{EF8997EF-F092-D2F3-2E88-B4F3656AED51}.Release|Any CPU.Build.0 = Release|Any CPU
		{3B0ECEB3-40A2-0BF4-3E44-0315C1A38A24}.Debug|Any CPU.ActiveCfg = Debug|Any CPU
		{3B0ECEB3-40A2-0BF4-3E44-0315C1A38A24}.Debug|Any CPU.Build.0 = Debug|Any CPU
		{3B0ECEB3-40A2-0BF4-3E44-0315C1A38A24}.Release|Any CPU.ActiveCfg = Release|Any CPU
		{3B0ECEB3-40A2-0BF4-3E44-0315C1A38A24}.Release|Any CPU.Build.0 = Release|Any CPU
		{CFC4511D-1BCB-3398-79BB-0A42CC57C926}.Debug|Any CPU.ActiveCfg = Debug|Any CPU
		{CFC4511D-1BCB-3398-79BB-0A42CC57C926}.Debug|Any CPU.Build.0 = Debug|Any CPU
		{CFC4511D-1BCB-3398-79BB-0A42CC57C926}.Release|Any CPU.ActiveCfg = Release|Any CPU
		{CFC4511D-1BCB-3398-79BB-0A42CC57C926}.Release|Any CPU.Build.0 = Release|Any CPU
		{C3DDFD0A-9875-AADC-0D08-E9EC86029626}.Debug|Any CPU.ActiveCfg = Debug|Any CPU
		{C3DDFD0A-9875-AADC-0D08-E9EC86029626}.Debug|Any CPU.Build.0 = Debug|Any CPU
		{C3DDFD0A-9875-AADC-0D08-E9EC86029626}.Release|Any CPU.ActiveCfg = Release|Any CPU
		{C3DDFD0A-9875-AADC-0D08-E9EC86029626}.Release|Any CPU.Build.0 = Release|Any CPU
		{D1991C21-C586-0553-D560-CF77D460A7BE}.Debug|Any CPU.ActiveCfg = Debug|Any CPU
		{D1991C21-C586-0553-D560-CF77D460A7BE}.Debug|Any CPU.Build.0 = Debug|Any CPU
		{D1991C21-C586-0553-D560-CF77D460A7BE}.Release|Any CPU.ActiveCfg = Release|Any CPU
		{D1991C21-C586-0553-D560-CF77D460A7BE}.Release|Any CPU.Build.0 = Release|Any CPU
		{EC76C740-82C0-E11F-7A4F-1DD9D2E986FD}.Debug|Any CPU.ActiveCfg = Debug|Any CPU
		{EC76C740-82C0-E11F-7A4F-1DD9D2E986FD}.Debug|Any CPU.Build.0 = Debug|Any CPU
		{EC76C740-82C0-E11F-7A4F-1DD9D2E986FD}.Release|Any CPU.ActiveCfg = Release|Any CPU
		{EC76C740-82C0-E11F-7A4F-1DD9D2E986FD}.Release|Any CPU.Build.0 = Release|Any CPU
		{AE2A4328-92E4-5CBE-796E-8288B4177818}.Debug|Any CPU.ActiveCfg = Debug|Any CPU
		{AE2A4328-92E4-5CBE-796E-8288B4177818}.Debug|Any CPU.Build.0 = Debug|Any CPU
		{AE2A4328-92E4-5CBE-796E-8288B4177818}.Release|Any CPU.ActiveCfg = Release|Any CPU
		{AE2A4328-92E4-5CBE-796E-8288B4177818}.Release|Any CPU.Build.0 = Release|Any CPU
		{3FE5C771-9B08-88C0-0B96-E1FF361A79D5}.Debug|Any CPU.ActiveCfg = Debug|Any CPU
		{3FE5C771-9B08-88C0-0B96-E1FF361A79D5}.Debug|Any CPU.Build.0 = Debug|Any CPU
		{3FE5C771-9B08-88C0-0B96-E1FF361A79D5}.Release|Any CPU.ActiveCfg = Release|Any CPU
		{3FE5C771-9B08-88C0-0B96-E1FF361A79D5}.Release|Any CPU.Build.0 = Release|Any CPU
		{EA0E2D2D-BF46-4A18-2674-D54F251DA336}.Debug|Any CPU.ActiveCfg = Debug|Any CPU
		{EA0E2D2D-BF46-4A18-2674-D54F251DA336}.Debug|Any CPU.Build.0 = Debug|Any CPU
		{EA0E2D2D-BF46-4A18-2674-D54F251DA336}.Release|Any CPU.ActiveCfg = Release|Any CPU
		{EA0E2D2D-BF46-4A18-2674-D54F251DA336}.Release|Any CPU.Build.0 = Release|Any CPU
		{F7A686BB-BAF2-F291-9579-17D5432C17DA}.Debug|Any CPU.ActiveCfg = Debug|Any CPU
		{F7A686BB-BAF2-F291-9579-17D5432C17DA}.Debug|Any CPU.Build.0 = Debug|Any CPU
		{F7A686BB-BAF2-F291-9579-17D5432C17DA}.Release|Any CPU.ActiveCfg = Release|Any CPU
		{F7A686BB-BAF2-F291-9579-17D5432C17DA}.Release|Any CPU.Build.0 = Release|Any CPU
		{2925EABA-2796-8531-C452-F5664C81627C}.Debug|Any CPU.ActiveCfg = Debug|Any CPU
		{2925EABA-2796-8531-C452-F5664C81627C}.Debug|Any CPU.Build.0 = Debug|Any CPU
		{2925EABA-2796-8531-C452-F5664C81627C}.Release|Any CPU.ActiveCfg = Release|Any CPU
		{2925EABA-2796-8531-C452-F5664C81627C}.Release|Any CPU.Build.0 = Release|Any CPU
		{9BA3A489-BDF0-3182-3ABB-8443D99C6E37}.Debug|Any CPU.ActiveCfg = Debug|Any CPU
		{9BA3A489-BDF0-3182-3ABB-8443D99C6E37}.Debug|Any CPU.Build.0 = Debug|Any CPU
		{9BA3A489-BDF0-3182-3ABB-8443D99C6E37}.Release|Any CPU.ActiveCfg = Release|Any CPU
		{9BA3A489-BDF0-3182-3ABB-8443D99C6E37}.Release|Any CPU.Build.0 = Release|Any CPU
		{57903787-E884-5104-7339-E356959A6C5A}.Debug|Any CPU.ActiveCfg = Debug|Any CPU
		{57903787-E884-5104-7339-E356959A6C5A}.Debug|Any CPU.Build.0 = Debug|Any CPU
		{57903787-E884-5104-7339-E356959A6C5A}.Release|Any CPU.ActiveCfg = Release|Any CPU
		{57903787-E884-5104-7339-E356959A6C5A}.Release|Any CPU.Build.0 = Release|Any CPU
		{D2977E50-ECAA-D8D9-6C2E-FE52FD2A948C}.Debug|Any CPU.ActiveCfg = Debug|Any CPU
		{D2977E50-ECAA-D8D9-6C2E-FE52FD2A948C}.Debug|Any CPU.Build.0 = Debug|Any CPU
		{D2977E50-ECAA-D8D9-6C2E-FE52FD2A948C}.Release|Any CPU.ActiveCfg = Release|Any CPU
		{D2977E50-ECAA-D8D9-6C2E-FE52FD2A948C}.Release|Any CPU.Build.0 = Release|Any CPU
		{FA94D646-2B53-30F8-E756-8FFC7B0E6BFE}.Debug|Any CPU.ActiveCfg = Debug|Any CPU
		{FA94D646-2B53-30F8-E756-8FFC7B0E6BFE}.Debug|Any CPU.Build.0 = Debug|Any CPU
		{FA94D646-2B53-30F8-E756-8FFC7B0E6BFE}.Release|Any CPU.ActiveCfg = Release|Any CPU
		{FA94D646-2B53-30F8-E756-8FFC7B0E6BFE}.Release|Any CPU.Build.0 = Release|Any CPU
		{97BAD49E-B33B-14F7-419C-89B706768FED}.Debug|Any CPU.ActiveCfg = Debug|Any CPU
		{97BAD49E-B33B-14F7-419C-89B706768FED}.Debug|Any CPU.Build.0 = Debug|Any CPU
		{97BAD49E-B33B-14F7-419C-89B706768FED}.Release|Any CPU.ActiveCfg = Release|Any CPU
		{97BAD49E-B33B-14F7-419C-89B706768FED}.Release|Any CPU.Build.0 = Release|Any CPU
	EndGlobalSection
	GlobalSection(SolutionProperties) = preSolution
		HideSolutionNode = FALSE
	EndGlobalSection
EndGlobal
